{
  "nodes": {
    "flake-compat": {
      "flake": false,
      "locked": {
        "lastModified": 1751685974,
        "narHash": "sha256-NKw96t+BgHIYzHUjkTK95FqYRVKB8DHpVhefWSz/kTw=",
        "ref": "refs/heads/main",
        "rev": "549f2762aebeff29a2e5ece7a7dc0f955281a1d1",
        "revCount": 92,
        "type": "git",
        "url": "https://git.lix.systems/lix-project/flake-compat.git"
      },
      "original": {
        "type": "git",
        "url": "https://git.lix.systems/lix-project/flake-compat.git"
      }
    },
    "flake-parts": {
      "inputs": {
        "nixpkgs-lib": [
          "nvf",
          "nixpkgs"
        ]
      },
      "locked": {
        "lastModified": 1760948891,
        "narHash": "sha256-TmWcdiUUaWk8J4lpjzu4gCGxWY6/Ok7mOK4fIFfBuU4=",
        "owner": "hercules-ci",
        "repo": "flake-parts",
        "rev": "864599284fc7c0ba6357ed89ed5e2cd5040f0c04",
        "type": "github"
      },
      "original": {
        "owner": "hercules-ci",
        "repo": "flake-parts",
        "type": "github"
      }
    },
    "home-manager": {
      "inputs": {
        "nixpkgs": [
          "nixpkgs"
        ]
      },
      "locked": {
        "lastModified": 1767280655,
        "narHash": "sha256-YmaYMduV5ko8zURUT1VLGDbVC1L/bxHS0NsiPoZ6bBM=",
        "owner": "nix-community",
        "repo": "home-manager",
        "rev": "d49d2543f02dbd789ed032188c84570d929223cb",
        "type": "github"
      },
      "original": {
        "owner": "nix-community",
        "ref": "release-25.11",
        "repo": "home-manager",
        "type": "github"
      }
    },
    "mnw": {
      "locked": {
        "lastModified": 1758834834,
        "narHash": "sha256-Y7IvY4F8vajZyp3WGf+KaiIVwondEkMFkt92Cr9NZmg=",
        "owner": "Gerg-L",
        "repo": "mnw",
        "rev": "cfbc7d1cc832e318d0863a5fc91d940a96034001",
        "type": "github"
      },
      "original": {
        "owner": "Gerg-L",
        "repo": "mnw",
        "type": "github"
      }
    },
    "ndg": {
      "inputs": {
        "nixpkgs": [
          "nvf",
          "nixpkgs"
        ]
      },
      "locked": {
        "lastModified": 1765720983,
        "narHash": "sha256-tWtukpABmux6EC/FuCJEgA1kmRjcRPtED44N+GGPq+4=",
        "owner": "feel-co",
        "repo": "ndg",
        "rev": "f399ace8bb8e1f705dd8942b24d207aa4d75c936",
        "type": "github"
      },
      "original": {
        "owner": "feel-co",
        "repo": "ndg",
        "type": "github"
      }
    },
    "nix-darwin": {
      "inputs": {
        "nixpkgs": [
          "nixpkgs"
        ]
      },
      "locked": {
        "lastModified": 1765066094,
        "narHash": "sha256-0YSU35gfRFJzx/lTGgOt6ubP8K6LeW0vaywzNNqxkl4=",
        "owner": "LnL7",
        "repo": "nix-darwin",
        "rev": "688427b1aab9afb478ca07989dc754fa543e03d5",
        "type": "github"
      },
      "original": {
        "owner": "LnL7",
        "ref": "nix-darwin-25.11",
        "repo": "nix-darwin",
        "type": "github"
      }
    },
    "nixpkgs": {
      "locked": {
        "lastModified": 1767303397,
        "narHash": "sha256-eWA2zvO25EqLAq4PhjMbaUoSzSRiexXXyv2VkoSdlEk=",
        "owner": "NixOS",
        "repo": "nixpkgs",
        "rev": "94311692605bec53435809b7c55f3ad15025429f",
        "type": "github"
      },
      "original": {
        "id": "nixpkgs",
        "ref": "release-25.11",
        "type": "indirect"
      }
    },
    "nixpkgs-unstable": {
      "locked": {
        "lastModified": 1767242400,
        "narHash": "sha256-knFaYjeg7swqG1dljj1hOxfg39zrIy8pfGuicjm9s+o=",
        "owner": "NixOS",
        "repo": "nixpkgs",
        "rev": "c04833a1e584401bb63c1a63ddc51a71e6aa457a",
        "type": "github"
      },
      "original": {
        "id": "nixpkgs",
        "ref": "nixpkgs-unstable",
        "type": "indirect"
      }
    },
    "nvf": {
      "inputs": {
        "flake-compat": "flake-compat",
        "flake-parts": "flake-parts",
        "mnw": "mnw",
        "ndg": "ndg",
        "nixpkgs": [
          "nixpkgs"
        ],
        "systems": "systems"
      },
      "locked": {
        "lastModified": 1767123832,
        "narHash": "sha256-WI+DaMQLJ/QVUKCNk1gvo8y0Rw6C4uDx8BW1mRVVOMU=",
        "owner": "notashelf",
        "repo": "nvf",
        "rev": "0390abd6736ff34a016afc66366d1f46372f28de",
        "type": "github"
      },
      "original": {
        "owner": "notashelf",
        "repo": "nvf",
        "type": "github"
      }
    },
    "root": {
      "inputs": {
        "home-manager": "home-manager",
        "nix-darwin": "nix-darwin",
        "nixpkgs": "nixpkgs",
        "nixpkgs-unstable": "nixpkgs-unstable",
        "nvf": "nvf"
      }
    },
    "systems": {
      "locked": {
        "lastModified": 1681028828,
        "narHash": "sha256-Vy1rq5AaRuLzOxct8nz4T6wlgyUR7zLU309k9mBC768=",
        "owner": "nix-systems",
        "repo": "default",
        "rev": "da67096a3b9bf56a91d16901293e51ba5b49a27e",
        "type": "github"
      },
      "original": {
        "owner": "nix-systems",
        "repo": "default",
        "type": "github"
      }
    }
  },
  "root": "root",
  "version": 7
}
